
Microsoft Visual Studio Solution File, Format Version 12.00
# Visual Studio 15
VisualStudioVersion = 15.0.27703.2000
MinimumVisualStudioVersion = 10.0.40219.1
Project("{FAE04EC0-301F-11D3-BF4B-00C04F79EFBC}") = "APIRequest", "APIRequest\APIRequest.csproj", "{D6C3CD35-F43E-4F90-AF3B-9F002BF35D08}"
EndProject
Global
	GlobalSection(SolutionConfigurationPlatforms) = preSolution
		Debug|Any CPU = Debug|Any CPU
		Release|Any CPU = Release|Any CPU
	EndGlobalSection
	GlobalSection(ProjectConfigurationPlatforms) = postSolution
		{D6C3CD35-F43E-4F90-AF3B-9F002BF35D08}.Debug|Any CPU.ActiveCfg = Debug|Any CPU
		{D6C3CD35-F43E-4F90-AF3B-9F002BF35D08}.Debug|Any CPU.Build.0 = Debug|Any CPU
		{D6C3CD35-F43E-4F90-AF3B-9F002BF35D08}.Release|Any CPU.ActiveCfg = Release|Any CPU
		{D6C3CD35-F43E-4F90-AF3B-9F002BF35D08}.Release|Any CPU.Build.0 = Release|Any CPU
	EndGlobalSection
	GlobalSection(SolutionProperties) = preSolution
		HideSolutionNode = FALSE
	EndGlobalSection
	GlobalSection(ExtensibilityGlobals) = postSolution
		SolutionGuid = {3697CD4F-8BBF-4227-A4D8-E1294924D299}
	EndGlobalSection
EndGlobal
